
Microsoft Visual Studio Solution File, Format Version 12.00
# Visual Studio Version 16
VisualStudioVersion = 16.0.32228.343
MinimumVisualStudioVersion = 10.0.40219.1
Project("{9A19103F-16F7-4668-BE54-9A1E7A4F7556}") = "BandAPI", "BandAPI\BandAPI.csproj", "{FB107912-E820-426A-A695-2104390361B4}"
EndProject
Project("{9A19103F-16F7-4668-BE54-9A1E7A4F7556}") = "DomainModel", "DomainModel\DomainModel.csproj", "{62AA44AF-8A85-4155-9A44-DAE4B7F645B1}"
EndProject
Project("{9A19103F-16F7-4668-BE54-9A1E7A4F7556}") = "Services", "Services\Services.csproj", "{66136262-4267-45CD-98EE-37AAF2E2C3F1}"
EndProject
Global
	GlobalSection(SolutionConfigurationPlatforms) = preSolution
		Debug|Any CPU = Debug|Any CPU
		Release|Any CPU = Release|Any CPU
	EndGlobalSection
	GlobalSection(ProjectConfigurationPlatforms) = postSolution
		{FB107912-E820-426A-A695-2104390361B4}.Debug|Any CPU.ActiveCfg = Debug|Any CPU
		{FB107912-E820-426A-A695-2104390361B4}.Debug|Any CPU.Build.0 = Debug|Any CPU
		{FB107912-E820-426A-A695-2104390361B4}.Release|Any CPU.ActiveCfg = Release|Any CPU
		{FB107912-E820-426A-A695-2104390361B4}.Release|Any CPU.Build.0 = Release|Any CPU
		{62AA44AF-8A85-4155-9A44-DAE4B7F645B1}.Debug|Any CPU.ActiveCfg = Debug|Any CPU
		{62AA44AF-8A85-4155-9A44-DAE4B7F645B1}.Debug|Any CPU.Build.0 = Debug|Any CPU
		{62AA44AF-8A85-4155-9A44-DAE4B7F645B1}.Release|Any CPU.ActiveCfg = Release|Any CPU
		{62AA44AF-8A85-4155-9A44-DAE4B7F645B1}.Release|Any CPU.Build.0 = Release|Any CPU
		{66136262-4267-45CD-98EE-37AAF2E2C3F1}.Debug|Any CPU.ActiveCfg = Debug|Any CPU
		{66136262-4267-45CD-98EE-37AAF2E2C3F1}.Debug|Any CPU.Build.0 = Debug|Any CPU
		{66136262-4267-45CD-98EE-37AAF2E2C3F1}.Release|Any CPU.ActiveCfg = Release|Any CPU
		{66136262-4267-45CD-98EE-37AAF2E2C3F1}.Release|Any CPU.Build.0 = Release|Any CPU
	EndGlobalSection
	GlobalSection(SolutionProperties) = preSolution
		HideSolutionNode = FALSE
	EndGlobalSection
	GlobalSection(ExtensibilityGlobals) = postSolution
		SolutionGuid = {5037D2FF-A80E-47B7-9335-AE331B90E7FE}
	EndGlobalSection
EndGlobal
